
Microsoft Visual Studio Solution File, Format Version 12.00
# Visual Studio 15
VisualStudioVersion = 15.0.27004.2009
MinimumVisualStudioVersion = 10.0.40219.1
Project("{2150E333-8FDC-42A3-9474-1A3956D46DE8}") = "Extensions", "Extensions", "{D3561609-67C1-4FCA-B1B1-2A0A4E704BC7}"
EndProject
Project("{9A19103F-16F7-4668-BE54-9A1E7A4F7556}") = "VikingIT.MD5", "VikingIT.MD5\VikingIT.MD5.csproj", "{00396F5F-8A4C-48F0-A66B-E93F6B4E807D}"
EndProject
Project("{9A19103F-16F7-4668-BE54-9A1E7A4F7556}") = "VikingIT.NullCheck", "VikingIT.NullCheck\VikingIT.NullCheck.csproj", "{E47AB3B3-DC1F-4D4C-8896-E3BD48B13A4B}"
EndProject
Project("{2150E333-8FDC-42A3-9474-1A3956D46DE8}") = "Tests", "Tests", "{6EE29720-876B-4C30-9039-A5F7BCBA0098}"
EndProject
Project("{9A19103F-16F7-4668-BE54-9A1E7A4F7556}") = "VikingIT.MD5.Tests", "VikingIT.MD5.Tests\VikingIT.MD5.Tests.csproj", "{4DDF0D7B-E0ED-4EBD-8153-58E67FA92882}"
EndProject
Project("{9A19103F-16F7-4668-BE54-9A1E7A4F7556}") = "VikingIT.SHA1", "VikingIT.SHA1\VikingIT.SHA1.csproj", "{4D980DC8-1112-4D13-B625-6F0BC1DA198B}"
EndProject
Project("{9A19103F-16F7-4668-BE54-9A1E7A4F7556}") = "VikingIT.SHA1.Tests", "VikingIT.SHA1.Tests\VikingIT.SHA1.Tests.csproj", "{2F9C1EFA-7CF7-4280-8D3F-2C2965CDF032}"
EndProject
Project("{9A19103F-16F7-4668-BE54-9A1E7A4F7556}") = "VikingIT.Boolean", "VikingIT.Boolean\VikingIT.Boolean.csproj", "{A0D9A65D-3399-43A1-93F1-E74DC2D5D713}"
EndProject
Project("{9A19103F-16F7-4668-BE54-9A1E7A4F7556}") = "VikingIT.Boolean.Tests", "VikingIT.Boolean.Tests\VikingIT.Boolean.Tests.csproj", "{91FE9F28-0F0A-4235-A0CF-7C20381633ED}"
EndProject
Project("{9A19103F-16F7-4668-BE54-9A1E7A4F7556}") = "VikingIT.NullCheck.Tests", "VikingIT.NullCheck.Tests\VikingIT.NullCheck.Tests.csproj", "{ECEE82DB-9F43-416B-AFB6-F3AE59821C0A}"
EndProject
Project("{FAE04EC0-301F-11D3-BF4B-00C04F79EFBC}") = "VikingIT.Imperial", "VikingIT.Imperial\VikingIT.Imperial.csproj", "{10A9B41D-C620-4D03-9306-9BC94FC675DE}"
EndProject
Project("{FAE04EC0-301F-11D3-BF4B-00C04F79EFBC}") = "VikingIT.Imperial.Tests", "VikingIT.Imperial.Tests\VikingIT.Imperial.Tests.csproj", "{E5EDDB40-0AD0-4261-A047-247278FD2D96}"
EndProject
Global
	GlobalSection(SolutionConfigurationPlatforms) = preSolution
		Debug|Any CPU = Debug|Any CPU
		Release|Any CPU = Release|Any CPU
	EndGlobalSection
	GlobalSection(ProjectConfigurationPlatforms) = postSolution
		{00396F5F-8A4C-48F0-A66B-E93F6B4E807D}.Debug|Any CPU.ActiveCfg = Debug|Any CPU
		{00396F5F-8A4C-48F0-A66B-E93F6B4E807D}.Debug|Any CPU.Build.0 = Debug|Any CPU
		{00396F5F-8A4C-48F0-A66B-E93F6B4E807D}.Release|Any CPU.ActiveCfg = Release|Any CPU
		{00396F5F-8A4C-48F0-A66B-E93F6B4E807D}.Release|Any CPU.Build.0 = Release|Any CPU
		{E47AB3B3-DC1F-4D4C-8896-E3BD48B13A4B}.Debug|Any CPU.ActiveCfg = Debug|Any CPU
		{E47AB3B3-DC1F-4D4C-8896-E3BD48B13A4B}.Debug|Any CPU.Build.0 = Debug|Any CPU
		{E47AB3B3-DC1F-4D4C-8896-E3BD48B13A4B}.Release|Any CPU.ActiveCfg = Release|Any CPU
		{E47AB3B3-DC1F-4D4C-8896-E3BD48B13A4B}.Release|Any CPU.Build.0 = Release|Any CPU
		{4DDF0D7B-E0ED-4EBD-8153-58E67FA92882}.Debug|Any CPU.ActiveCfg = Debug|Any CPU
		{4DDF0D7B-E0ED-4EBD-8153-58E67FA92882}.Debug|Any CPU.Build.0 = Debug|Any CPU
		{4DDF0D7B-E0ED-4EBD-8153-58E67FA92882}.Release|Any CPU.ActiveCfg = Release|Any CPU
		{4DDF0D7B-E0ED-4EBD-8153-58E67FA92882}.Release|Any CPU.Build.0 = Release|Any CPU
		{4D980DC8-1112-4D13-B625-6F0BC1DA198B}.Debug|Any CPU.ActiveCfg = Debug|Any CPU
		{4D980DC8-1112-4D13-B625-6F0BC1DA198B}.Debug|Any CPU.Build.0 = Debug|Any CPU
		{4D980DC8-1112-4D13-B625-6F0BC1DA198B}.Release|Any CPU.ActiveCfg = Release|Any CPU
		{4D980DC8-1112-4D13-B625-6F0BC1DA198B}.Release|Any CPU.Build.0 = Release|Any CPU
		{2F9C1EFA-7CF7-4280-8D3F-2C2965CDF032}.Debug|Any CPU.ActiveCfg = Debug|Any CPU
		{2F9C1EFA-7CF7-4280-8D3F-2C2965CDF032}.Debug|Any CPU.Build.0 = Debug|Any CPU
		{2F9C1EFA-7CF7-4280-8D3F-2C2965CDF032}.Release|Any CPU.ActiveCfg = Release|Any CPU
		{2F9C1EFA-7CF7-4280-8D3F-2C2965CDF032}.Release|Any CPU.Build.0 = Release|Any CPU
		{A0D9A65D-3399-43A1-93F1-E74DC2D5D713}.Debug|Any CPU.ActiveCfg = Debug|Any CPU
		{A0D9A65D-3399-43A1-93F1-E74DC2D5D713}.Debug|Any CPU.Build.0 = Debug|Any CPU
		{A0D9A65D-3399-43A1-93F1-E74DC2D5D713}.Release|Any CPU.ActiveCfg = Release|Any CPU
		{A0D9A65D-3399-43A1-93F1-E74DC2D5D713}.Release|Any CPU.Build.0 = Release|Any CPU
		{91FE9F28-0F0A-4235-A0CF-7C20381633ED}.Debug|Any CPU.ActiveCfg = Debug|Any CPU
		{91FE9F28-0F0A-4235-A0CF-7C20381633ED}.Debug|Any CPU.Build.0 = Debug|Any CPU
		{91FE9F28-0F0A-4235-A0CF-7C20381633ED}.Release|Any CPU.ActiveCfg = Release|Any CPU
		{91FE9F28-0F0A-4235-A0CF-7C20381633ED}.Release|Any CPU.Build.0 = Release|Any CPU
		{ECEE82DB-9F43-416B-AFB6-F3AE59821C0A}.Debug|Any CPU.ActiveCfg = Debug|Any CPU
		{ECEE82DB-9F43-416B-AFB6-F3AE59821C0A}.Debug|Any CPU.Build.0 = Debug|Any CPU
		{ECEE82DB-9F43-416B-AFB6-F3AE59821C0A}.Release|Any CPU.ActiveCfg = Release|Any CPU
		{ECEE82DB-9F43-416B-AFB6-F3AE59821C0A}.Release|Any CPU.Build.0 = Release|Any CPU
		{10A9B41D-C620-4D03-9306-9BC94FC675DE}.Debug|Any CPU.ActiveCfg = Debug|Any CPU
		{10A9B41D-C620-4D03-9306-9BC94FC675DE}.Debug|Any CPU.Build.0 = Debug|Any CPU
		{10A9B41D-C620-4D03-9306-9BC94FC675DE}.Release|Any CPU.ActiveCfg = Release|Any CPU
		{10A9B41D-C620-4D03-9306-9BC94FC675DE}.Release|Any CPU.Build.0 = Release|Any CPU
		{E5EDDB40-0AD0-4261-A047-247278FD2D96}.Debug|Any CPU.ActiveCfg = Debug|Any CPU
		{E5EDDB40-0AD0-4261-A047-247278FD2D96}.Debug|Any CPU.Build.0 = Debug|Any CPU
		{E5EDDB40-0AD0-4261-A047-247278FD2D96}.Release|Any CPU.ActiveCfg = Release|Any CPU
		{E5EDDB40-0AD0-4261-A047-247278FD2D96}.Release|Any CPU.Build.0 = Release|Any CPU
	EndGlobalSection
	GlobalSection(SolutionProperties) = preSolution
		HideSolutionNode = FALSE
	EndGlobalSection
	GlobalSection(NestedProjects) = preSolution
		{00396F5F-8A4C-48F0-A66B-E93F6B4E807D} = {D3561609-67C1-4FCA-B1B1-2A0A4E704BC7}
		{E47AB3B3-DC1F-4D4C-8896-E3BD48B13A4B} = {D3561609-67C1-4FCA-B1B1-2A0A4E704BC7}
		{4DDF0D7B-E0ED-4EBD-8153-58E67FA92882} = {6EE29720-876B-4C30-9039-A5F7BCBA0098}
		{4D980DC8-1112-4D13-B625-6F0BC1DA198B} = {D3561609-67C1-4FCA-B1B1-2A0A4E704BC7}
		{2F9C1EFA-7CF7-4280-8D3F-2C2965CDF032} = {6EE29720-876B-4C30-9039-A5F7BCBA0098}
		{A0D9A65D-3399-43A1-93F1-E74DC2D5D713} = {D3561609-67C1-4FCA-B1B1-2A0A4E704BC7}
		{91FE9F28-0F0A-4235-A0CF-7C20381633ED} = {6EE29720-876B-4C30-9039-A5F7BCBA0098}
		{ECEE82DB-9F43-416B-AFB6-F3AE59821C0A} = {6EE29720-876B-4C30-9039-A5F7BCBA0098}
		{10A9B41D-C620-4D03-9306-9BC94FC675DE} = {D3561609-67C1-4FCA-B1B1-2A0A4E704BC7}
		{E5EDDB40-0AD0-4261-A047-247278FD2D96} = {6EE29720-876B-4C30-9039-A5F7BCBA0098}
	EndGlobalSection
	GlobalSection(ExtensibilityGlobals) = postSolution
		SolutionGuid = {338C0826-CC8E-49B8-9515-4E991726F78A}
	EndGlobalSection
EndGlobal
